
Microsoft Visual Studio Solution File, Format Version 12.00
# Visual Studio 15
VisualStudioVersion = 15.0.27130.2010
MinimumVisualStudioVersion = 10.0.40219.1
Project("{FAE04EC0-301F-11D3-BF4B-00C04F79EFBC}") = "TotalMiner Network", "TotalMiner Network\TotalMiner Network.csproj", "{62EBEEE8-22E7-45AB-8CED-C6B5B344E4DD}"
EndProject
Global
	GlobalSection(SolutionConfigurationPlatforms) = preSolution
		Debug|Any CPU = Debug|Any CPU
		Release|Any CPU = Release|Any CPU
	EndGlobalSection
	GlobalSection(ProjectConfigurationPlatforms) = postSolution
		{62EBEEE8-22E7-45AB-8CED-C6B5B344E4DD}.Debug|Any CPU.ActiveCfg = Debug|Any CPU
		{62EBEEE8-22E7-45AB-8CED-C6B5B344E4DD}.Debug|Any CPU.Build.0 = Debug|Any CPU
		{62EBEEE8-22E7-45AB-8CED-C6B5B344E4DD}.Release|Any CPU.ActiveCfg = Release|Any CPU
		{62EBEEE8-22E7-45AB-8CED-C6B5B344E4DD}.Release|Any CPU.Build.0 = Release|Any CPU
	EndGlobalSection
	GlobalSection(SolutionProperties) = preSolution
		HideSolutionNode = FALSE
	EndGlobalSection
	GlobalSection(ExtensibilityGlobals) = postSolution
		SolutionGuid = {AFB33E60-0006-4A53-9E3C-D17C006701CA}
	EndGlobalSection
EndGlobal
